
Microsoft Visual Studio Solution File, Format Version 12.00
# Visual Studio Version 16
VisualStudioVersion = 16.0.31019.35
MinimumVisualStudioVersion = 10.0.40219.1
Project("{FAE04EC0-301F-11D3-BF4B-00C04F79EFBC}") = "ReproductorMultimedia", "ReproductorMultimedia\ReproductorMultimedia.csproj", "{CDF88AEA-8442-4B37-81F6-DB786BF3A75C}"
EndProject
Global
	GlobalSection(SolutionConfigurationPlatforms) = preSolution
		Debug|Any CPU = Debug|Any CPU
		Release|Any CPU = Release|Any CPU
	EndGlobalSection
	GlobalSection(ProjectConfigurationPlatforms) = postSolution
		{CDF88AEA-8442-4B37-81F6-DB786BF3A75C}.Debug|Any CPU.ActiveCfg = Debug|Any CPU
		{CDF88AEA-8442-4B37-81F6-DB786BF3A75C}.Debug|Any CPU.Build.0 = Debug|Any CPU
		{CDF88AEA-8442-4B37-81F6-DB786BF3A75C}.Release|Any CPU.ActiveCfg = Release|Any CPU
		{CDF88AEA-8442-4B37-81F6-DB786BF3A75C}.Release|Any CPU.Build.0 = Release|Any CPU
	EndGlobalSection
	GlobalSection(SolutionProperties) = preSolution
		HideSolutionNode = FALSE
	EndGlobalSection
	GlobalSection(ExtensibilityGlobals) = postSolution
		SolutionGuid = {1BF8CBDF-0EF3-47EA-BF3D-2384A3CAAF30}
	EndGlobalSection
EndGlobal
